// !$*UTF8*$!
{
	archiveVersion = 1;
	classes = {
	};
	objectVersion = 50;
	objects = {

/* Begin PBXBuildFile section */
		DAA78A542105357500606D79 /* AppDelegate.swift in Sources */ = {isa = PBXBuildFile; fileRef = DAA78A532105357500606D79 /* AppDelegate.swift */; };
		DAA78A562105357500606D79 /* ViewController.swift in Sources */ = {isa = PBXBuildFile; fileRef = DAA78A552105357500606D79 /* ViewController.swift */; };
		DAA78A592105357500606D79 /* Main.storyboard in Resources */ = {isa = PBXBuildFile; fileRef = DAA78A572105357500606D79 /* Main.storyboard */; };
		DAA78A5B2105357A00606D79 /* Assets.xcassets in Resources */ = {isa = PBXBuildFile; fileRef = DAA78A5A2105357A00606D79 /* Assets.xcassets */; };
		DAA78A5E2105357A00606D79 /* LaunchScreen.storyboard in Resources */ = {isa = PBXBuildFile; fileRef = DAA78A5C2105357A00606D79 /* LaunchScreen.storyboard */; };
		DAA78A67210535EE00606D79 /* RepositoriesListPresenter.swift in Sources */ = {isa = PBXBuildFile; fileRef = DAA78A66210535EE00606D79 /* RepositoriesListPresenter.swift */; };
		DAA78A692105363400606D79 /* RepositoriesListView.swift in Sources */ = {isa = PBXBuildFile; fileRef = DAA78A682105363400606D79 /* RepositoriesListView.swift */; };
		DAA78A6C2105368000606D79 /* Repository.swift in Sources */ = {isa = PBXBuildFile; fileRef = DAA78A6B2105368000606D79 /* Repository.swift */; };
		DAA78A6F2105390000606D79 /* RepositoriesListTableViewController.swift in Sources */ = {isa = PBXBuildFile; fileRef = DAA78A6D2105390000606D79 /* RepositoriesListTableViewController.swift */; };
		DAA78A702105390000606D79 /* RepositoriesListTableViewController.xib in Resources */ = {isa = PBXBuildFile; fileRef = DAA78A6E2105390000606D79 /* RepositoriesListTableViewController.xib */; };
/* End PBXBuildFile section */

/* Begin PBXFileReference section */
		DAA78A502105357500606D79 /* GitTracker.app */ = {isa = PBXFileReference; explicitFileType = wrapper.application; includeInIndex = 0; path = GitTracker.app; sourceTree = BUILT_PRODUCTS_DIR; };
		DAA78A532105357500606D79 /* AppDelegate.swift */ = {isa = PBXFileReference; lastKnownFileType = sourcecode.swift; path = AppDelegate.swift; sourceTree = "<group>"; };
		DAA78A552105357500606D79 /* ViewController.swift */ = {isa = PBXFileReference; lastKnownFileType = sourcecode.swift; path = ViewController.swift; sourceTree = "<group>"; };
		DAA78A582105357500606D79 /* Base */ = {isa = PBXFileReference; lastKnownFileType = file.storyboard; name = Base; path = Base.lproj/Main.storyboard; sourceTree = "<group>"; };
		DAA78A5A2105357A00606D79 /* Assets.xcassets */ = {isa = PBXFileReference; lastKnownFileType = folder.assetcatalog; path = Assets.xcassets; sourceTree = "<group>"; };
		DAA78A5D2105357A00606D79 /* Base */ = {isa = PBXFileReference; lastKnownFileType = file.storyboard; name = Base; path = Base.lproj/LaunchScreen.storyboard; sourceTree = "<group>"; };
		DAA78A5F2105357A00606D79 /* Info.plist */ = {isa = PBXFileReference; lastKnownFileType = text.plist.xml; path = Info.plist; sourceTree = "<group>"; };
		DAA78A66210535EE00606D79 /* RepositoriesListPresenter.swift */ = {isa = PBXFileReference; lastKnownFileType = sourcecode.swift; path = RepositoriesListPresenter.swift; sourceTree = "<group>"; };
		DAA78A682105363400606D79 /* RepositoriesListView.swift */ = {isa = PBXFileReference; lastKnownFileType = sourcecode.swift; path = RepositoriesListView.swift; sourceTree = "<group>"; };
		DAA78A6B2105368000606D79 /* Repository.swift */ = {isa = PBXFileReference; lastKnownFileType = sourcecode.swift; path = Repository.swift; sourceTree = "<group>"; };
		DAA78A6D2105390000606D79 /* RepositoriesListTableViewController.swift */ = {isa = PBXFileReference; lastKnownFileType = sourcecode.swift; path = RepositoriesListTableViewController.swift; sourceTree = "<group>"; };
		DAA78A6E2105390000606D79 /* RepositoriesListTableViewController.xib */ = {isa = PBXFileReference; lastKnownFileType = file.xib; path = RepositoriesListTableViewController.xib; sourceTree = "<group>"; };
/* End PBXFileReference section */

/* Begin PBXFrameworksBuildPhase section */
		DAA78A4D2105357500606D79 /* Frameworks */ = {
			isa = PBXFrameworksBuildPhase;
			buildActionMask = 2147483647;
			files = (
			);
			runOnlyForDeploymentPostprocessing = 0;
		};
/* End PBXFrameworksBuildPhase section */

/* Begin PBXGroup section */
		DAA78A472105357500606D79 = {
			isa = PBXGroup;
			children = (
				DAA78A522105357500606D79 /* GitTracker */,
				DAA78A512105357500606D79 /* Products */,
			);
			sourceTree = "<group>";
		};
		DAA78A512105357500606D79 /* Products */ = {
			isa = PBXGroup;
			children = (
				DAA78A502105357500606D79 /* GitTracker.app */,
			);
			name = Products;
			sourceTree = "<group>";
		};
		DAA78A522105357500606D79 /* GitTracker */ = {
			isa = PBXGroup;
			children = (
				DAA78A6A2105366F00606D79 /* Model */,
				DAA78A65210535A100606D79 /* RepositoriesList */,
				DAA78A532105357500606D79 /* AppDelegate.swift */,
				DAA78A552105357500606D79 /* ViewController.swift */,
				DAA78A572105357500606D79 /* Main.storyboard */,
				DAA78A5A2105357A00606D79 /* Assets.xcassets */,
				DAA78A5C2105357A00606D79 /* LaunchScreen.storyboard */,
				DAA78A5F2105357A00606D79 /* Info.plist */,
			);
			path = GitTracker;
			sourceTree = "<group>";
		};
		DAA78A65210535A100606D79 /* RepositoriesList */ = {
			isa = PBXGroup;
			children = (
				DAA78A682105363400606D79 /* RepositoriesListView.swift */,
				DAA78A66210535EE00606D79 /* RepositoriesListPresenter.swift */,
				DAA78A6D2105390000606D79 /* RepositoriesListTableViewController.swift */,
				DAA78A6E2105390000606D79 /* RepositoriesListTableViewController.xib */,
			);
			path = RepositoriesList;
			sourceTree = "<group>";
		};
		DAA78A6A2105366F00606D79 /* Model */ = {
			isa = PBXGroup;
			children = (
				DAA78A6B2105368000606D79 /* Repository.swift */,
			);
			path = Model;
			sourceTree = "<group>";
		};
/* End PBXGroup section */

/* Begin PBXNativeTarget section */
		DAA78A4F2105357500606D79 /* GitTracker */ = {
			isa = PBXNativeTarget;
			buildConfigurationList = DAA78A622105357A00606D79 /* Build configuration list for PBXNativeTarget "GitTracker" */;
			buildPhases = (
				DAA78A4C2105357500606D79 /* Sources */,
				DAA78A4D2105357500606D79 /* Frameworks */,
				DAA78A4E2105357500606D79 /* Resources */,
			);
			buildRules = (
			);
			dependencies = (
			);
			name = GitTracker;
			productName = GitTracker;
			productReference = DAA78A502105357500606D79 /* GitTracker.app */;
			productType = "com.apple.product-type.application";
		};
/* End PBXNativeTarget section */

/* Begin PBXProject section */
		DAA78A482105357500606D79 /* Project object */ = {
			isa = PBXProject;
			attributes = {
				LastSwiftUpdateCheck = 0940;
				LastUpgradeCheck = 0940;
				ORGANIZATIONNAME = "Dustin Howell";
				TargetAttributes = {
					DAA78A4F2105357500606D79 = {
						CreatedOnToolsVersion = 9.4.1;
					};
				};
			};
			buildConfigurationList = DAA78A4B2105357500606D79 /* Build configuration list for PBXProject "GitTracker" */;
			compatibilityVersion = "Xcode 9.3";
			developmentRegion = en;
			hasScannedForEncodings = 0;
			knownRegions = (
				en,
				Base,
			);
			mainGroup = DAA78A472105357500606D79;
			productRefGroup = DAA78A512105357500606D79 /* Products */;
			projectDirPath = "";
			projectRoot = "";
			targets = (
				DAA78A4F2105357500606D79 /* GitTracker */,
			);
		};
/* End PBXProject section */

/* Begin PBXResourcesBuildPhase section */
		DAA78A4E2105357500606D79 /* Resources */ = {
			isa = PBXResourcesBuildPhase;
			buildActionMask = 2147483647;
			files = (
				DAA78A5E2105357A00606D79 /* LaunchScreen.storyboard in Resources */,
				DAA78A5B2105357A00606D79 /* Assets.xcassets in Resources */,
				DAA78A592105357500606D79 /* Main.storyboard in Resources */,
				DAA78A702105390000606D79 /* RepositoriesListTableViewController.xib in Resources */,
			);
			runOnlyForDeploymentPostprocessing = 0;
		};
/* End PBXResourcesBuildPhase section */

/* Begin PBXSourcesBuildPhase section */
		DAA78A4C2105357500606D79 /* Sources */ = {
			isa = PBXSourcesBuildPhase;
			buildActionMask = 2147483647;
			files = (
				DAA78A692105363400606D79 /* RepositoriesListView.swift in Sources */,
				DAA78A562105357500606D79 /* ViewController.swift in Sources */,
				DAA78A6C2105368000606D79 /* Repository.swift in Sources */,
				DAA78A6F2105390000606D79 /* RepositoriesListTableViewController.swift in Sources */,
				DAA78A67210535EE00606D79 /* RepositoriesListPresenter.swift in Sources */,
				DAA78A542105357500606D79 /* AppDelegate.swift in Sources */,
			);
			runOnlyForDeploymentPostprocessing = 0;
		};
/* End PBXSourcesBuildPhase section */

/* Begin PBXVariantGroup section */
		DAA78A572105357500606D79 /* Main.storyboard */ = {
			isa = PBXVariantGroup;
			children = (
				DAA78A582105357500606D79 /* Base */,
			);
			name = Main.storyboard;
			sourceTree = "<group>";
		};
		DAA78A5C2105357A00606D79 /* LaunchScreen.storyboard */ = {
			isa = PBXVariantGroup;
			children = (
				DAA78A5D2105357A00606D79 /* Base */,
			);
			name = LaunchScreen.storyboard;
			sourceTree = "<group>";
		};
/* End PBXVariantGroup section */

/* Begin XCBuildConfiguration section */
		DAA78A602105357A00606D79 /* Debug */ = {
			isa = XCBuildConfiguration;
			buildSettings = {
				ALWAYS_SEARCH_USER_PATHS = NO;
				CLANG_ANALYZER_NONNULL = YES;
				CLANG_ANALYZER_NUMBER_OBJECT_CONVERSION = YES_AGGRESSIVE;
				CLANG_CXX_LANGUAGE_STANDARD = "gnu++14";
				CLANG_CXX_LIBRARY = "libc++";
				CLANG_ENABLE_MODULES = YES;
				CLANG_ENABLE_OBJC_ARC = YES;
				CLANG_ENABLE_OBJC_WEAK = YES;
				CLANG_WARN_BLOCK_CAPTURE_AUTORELEASING = YES;
				CLANG_WARN_BOOL_CONVERSION = YES;
				CLANG_WARN_COMMA = YES;
				CLANG_WARN_CONSTANT_CONVERSION = YES;
				CLANG_WARN_DEPRECATED_OBJC_IMPLEMENTATIONS = YES;
				CLANG_WARN_DIRECT_OBJC_ISA_USAGE = YES_ERROR;
				CLANG_WARN_DOCUMENTATION_COMMENTS = YES;
				CLANG_WARN_EMPTY_BODY = YES;
				CLANG_WARN_ENUM_CONVERSION = YES;
				CLANG_WARN_INFINITE_RECURSION = YES;
				CLANG_WARN_INT_CONVERSION = YES;
				CLANG_WARN_NON_LITERAL_NULL_CONVERSION = YES;
				CLANG_WARN_OBJC_IMPLICIT_RETAIN_SELF = YES;
				CLANG_WARN_OBJC_LITERAL_CONVERSION = YES;
				CLANG_WARN_OBJC_ROOT_CLASS = YES_ERROR;
				CLANG_WARN_RANGE_LOOP_ANALYSIS = YES;
				CLANG_WARN_STRICT_PROTOTYPES = YES;
				CLANG_WARN_SUSPICIOUS_MOVE = YES;
				CLANG_WARN_UNGUARDED_AVAILABILITY = YES_AGGRESSIVE;
				CLANG_WARN_UNREACHABLE_CODE = YES;
				CLANG_WARN__DUPLICATE_METHOD_MATCH = YES;
				CODE_SIGN_IDENTITY = "iPhone Developer";
				COPY_PHASE_STRIP = NO;
				DEBUG_INFORMATION_FORMAT = dwarf;
				ENABLE_STRICT_OBJC_MSGSEND = YES;
				ENABLE_TESTABILITY = YES;
				GCC_C_LANGUAGE_STANDARD = gnu11;
				GCC_DYNAMIC_NO_PIC = NO;
				GCC_NO_COMMON_BLOCKS = YES;
				GCC_OPTIMIZATION_LEVEL = 0;
				GCC_PREPROCESSOR_DEFINITIONS = (
					"DEBUG=1",
					"$(inherited)",
				);
				GCC_WARN_64_TO_32_BIT_CONVERSION = YES;
				GCC_WARN_ABOUT_RETURN_TYPE = YES_ERROR;
				GCC_WARN_UNDECLARED_SELECTOR = YES;
				GCC_WARN_UNINITIALIZED_AUTOS = YES_AGGRESSIVE;
				GCC_WARN_UNUSED_FUNCTION = YES;
				GCC_WARN_UNUSED_VARIABLE = YES;
				IPHONEOS_DEPLOYMENT_TARGET = 11.4;
				MTL_ENABLE_DEBUG_INFO = YES;
				ONLY_ACTIVE_ARCH = YES;
				SDKROOT = iphoneos;
				SWIFT_ACTIVE_COMPILATION_CONDITIONS = DEBUG;
				SWIFT_OPTIMIZATION_LEVEL = "-Onone";
			};
			name = Debug;
		};
		DAA78A612105357A00606D79 /* Release */ = {
			isa = XCBuildConfiguration;
			buildSettings = {
				ALWAYS_SEARCH_USER_PATHS = NO;
				CLANG_ANALYZER_NONNULL = YES;
				CLANG_ANALYZER_NUMBER_OBJECT_CONVERSION = YES_AGGRESSIVE;
				CLANG_CXX_LANGUAGE_STANDARD = "gnu++14";
				CLANG_CXX_LIBRARY = "libc++";
				CLANG_ENABLE_MODULES = YES;
				CLANG_ENABLE_OBJC_ARC = YES;
				CLANG_ENABLE_OBJC_WEAK = YES;
				CLANG_WARN_BLOCK_CAPTURE_AUTORELEASING = YES;
				CLANG_WARN_BOOL_CONVERSION = YES;
				CLANG_WARN_COMMA = YES;
				CLANG_WARN_CONSTANT_CONVERSION = YES;
				CLANG_WARN_DEPRECATED_OBJC_IMPLEMENTATIONS = YES;
				CLANG_WARN_DIRECT_OBJC_ISA_USAGE = YES_ERROR;
				CLANG_WARN_DOCUMENTATION_COMMENTS = YES;
				CLANG_WARN_EMPTY_BODY = YES;
				CLANG_WARN_ENUM_CONVERSION = YES;
				CLANG_WARN_INFINITE_RECURSION = YES;
				CLANG_WARN_INT_CONVERSION = YES;
				CLANG_WARN_NON_LITERAL_NULL_CONVERSION = YES;
				CLANG_WARN_OBJC_IMPLICIT_RETAIN_SELF = YES;
				CLANG_WARN_OBJC_LITERAL_CONVERSION = YES;
				CLANG_WARN_OBJC_ROOT_CLASS = YES_ERROR;
				CLANG_WARN_RANGE_LOOP_ANALYSIS = YES;
				CLANG_WARN_STRICT_PROTOTYPES = YES;
				CLANG_WARN_SUSPICIOUS_MOVE = YES;
				CLANG_WARN_UNGUARDED_AVAILABILITY = YES_AGGRESSIVE;
				CLANG_WARN_UNREACHABLE_CODE = YES;
				CLANG_WARN__DUPLICATE_METHOD_MATCH = YES;
				CODE_SIGN_IDENTITY = "iPhone Developer";
				COPY_PHASE_STRIP = NO;
				DEBUG_INFORMATION_FORMAT = "dwarf-with-dsym";
				ENABLE_NS_ASSERTIONS = NO;
				ENABLE_STRICT_OBJC_MSGSEND = YES;
				GCC_C_LANGUAGE_STANDARD = gnu11;
				GCC_NO_COMMON_BLOCKS = YES;
				GCC_WARN_64_TO_32_BIT_CONVERSION = YES;
				GCC_WARN_ABOUT_RETURN_TYPE = YES_ERROR;
				GCC_WARN_UNDECLARED_SELECTOR = YES;
				GCC_WARN_UNINITIALIZED_AUTOS = YES_AGGRESSIVE;
				GCC_WARN_UNUSED_FUNCTION = YES;
				GCC_WARN_UNUSED_VARIABLE = YES;
				IPHONEOS_DEPLOYMENT_TARGET = 11.4;
				MTL_ENABLE_DEBUG_INFO = NO;
				SDKROOT = iphoneos;
				SWIFT_COMPILATION_MODE = wholemodule;
				SWIFT_OPTIMIZATION_LEVEL = "-O";
				VALIDATE_PRODUCT = YES;
			};
			name = Release;
		};
		DAA78A632105357A00606D79 /* Debug */ = {
			isa = XCBuildConfiguration;
			buildSettings = {
				ASSETCATALOG_COMPILER_APPICON_NAME = AppIcon;
				CODE_SIGN_STYLE = Automatic;
				DEVELOPMENT_TEAM = NF87DVTJYX;
				INFOPLIST_FILE = GitTracker/Info.plist;
				LD_RUNPATH_SEARCH_PATHS = (
					"$(inherited)",
					"@executable_path/Frameworks",
				);
				PRODUCT_BUNDLE_IDENTIFIER = com.dustinhowell.GitTracker;
				PRODUCT_NAME = "$(TARGET_NAME)";
				SWIFT_VERSION = 4.0;
				TARGETED_DEVICE_FAMILY = "1,2";
			};
			name = Debug;
		};
		DAA78A642105357A00606D79 /* Release */ = {
			isa = XCBuildConfiguration;
			buildSettings = {
				ASSETCATALOG_COMPILER_APPICON_NAME = AppIcon;
				CODE_SIGN_STYLE = Automatic;
				DEVELOPMENT_TEAM = NF87DVTJYX;
				INFOPLIST_FILE = GitTracker/Info.plist;
				LD_RUNPATH_SEARCH_PATHS = (
					"$(inherited)",
					"@executable_path/Frameworks",
				);
				PRODUCT_BUNDLE_IDENTIFIER = com.dustinhowell.GitTracker;
				PRODUCT_NAME = "$(TARGET_NAME)";
				SWIFT_VERSION = 4.0;
				TARGETED_DEVICE_FAMILY = "1,2";
			};
			name = Release;
		};
/* End XCBuildConfiguration section */

/* Begin XCConfigurationList section */
		DAA78A4B2105357500606D79 /* Build configuration list for PBXProject "GitTracker" */ = {
			isa = XCConfigurationList;
			buildConfigurations = (
				DAA78A602105357A00606D79 /* Debug */,
				DAA78A612105357A00606D79 /* Release */,
			);
			defaultConfigurationIsVisible = 0;
			defaultConfigurationName = Release;
		};
		DAA78A622105357A00606D79 /* Build configuration list for PBXNativeTarget "GitTracker" */ = {
			isa = XCConfigurationList;
			buildConfigurations = (
				DAA78A632105357A00606D79 /* Debug */,
				DAA78A642105357A00606D79 /* Release */,
			);
			defaultConfigurationIsVisible = 0;
			defaultConfigurationName = Release;
		};
/* End XCConfigurationList section */
	};
	rootObject = DAA78A482105357500606D79 /* Project object */;
}
